// !$*UTF8*$!
{
	archiveVersion = 1;
	classes = {
	};
	objectVersion = 50;
	objects = {

/* Begin PBXBuildFile section */
		1A3F933622383E5300C0E70F /* AppDelegate.swift in Sources */ = {isa = PBXBuildFile; fileRef = 1A3F933522383E5300C0E70F /* AppDelegate.swift */; };
		1A3F933822383E5300C0E70F /* ViewController.swift in Sources */ = {isa = PBXBuildFile; fileRef = 1A3F933722383E5300C0E70F /* ViewController.swift */; };
		1A3F933B22383E5300C0E70F /* Main.storyboard in Resources */ = {isa = PBXBuildFile; fileRef = 1A3F933922383E5300C0E70F /* Main.storyboard */; };
		1A3F933D22383E5500C0E70F /* Assets.xcassets in Resources */ = {isa = PBXBuildFile; fileRef = 1A3F933C22383E5500C0E70F /* Assets.xcassets */; };
		1A3F934022383E5500C0E70F /* LaunchScreen.storyboard in Resources */ = {isa = PBXBuildFile; fileRef = 1A3F933E22383E5500C0E70F /* LaunchScreen.storyboard */; };
		1A59C7DD223AD8BF00F8E6B6 /* PeopleTableViewCell.swift in Sources */ = {isa = PBXBuildFile; fileRef = 1A59C7DC223AD8BF00F8E6B6 /* PeopleTableViewCell.swift */; };
		1A59C7DF223AD9AA00F8E6B6 /* AvatarCollectionViewCell.swift in Sources */ = {isa = PBXBuildFile; fileRef = 1A59C7DE223AD9AA00F8E6B6 /* AvatarCollectionViewCell.swift */; };
		1A59C7E1223AE53600F8E6B6 /* TextTableViewCell.swift in Sources */ = {isa = PBXBuildFile; fileRef = 1A59C7E0223AE53600F8E6B6 /* TextTableViewCell.swift */; };
		1A5DAAF7223C3B7900592AC2 /* UserData.swift in Sources */ = {isa = PBXBuildFile; fileRef = 1A5DAAF6223C3B7900592AC2 /* UserData.swift */; };
		1A64C3872238511F00F00ADE /* Token.swift in Sources */ = {isa = PBXBuildFile; fileRef = 1A64C3862238511F00F00ADE /* Token.swift */; };
		1AE189B222399CED00ABB6EC /* PostStatsViewController.swift in Sources */ = {isa = PBXBuildFile; fileRef = 1AE189B122399CED00ABB6EC /* PostStatsViewController.swift */; };
		1AF2BD91223D0BDA006B300C /* PostData.swift in Sources */ = {isa = PBXBuildFile; fileRef = 1AF2BD90223D0BDA006B300C /* PostData.swift */; };
		6A247E894F2D08C2A862CB32 /* Pods_postStatsTest.framework in Frameworks */ = {isa = PBXBuildFile; fileRef = BB81D136D564EFB1CC5735E3 /* Pods_postStatsTest.framework */; };
/* End PBXBuildFile section */

/* Begin PBXFileReference section */
		1A3F933222383E5300C0E70F /* postStatsTest.app */ = {isa = PBXFileReference; explicitFileType = wrapper.application; includeInIndex = 0; path = postStatsTest.app; sourceTree = BUILT_PRODUCTS_DIR; };
		1A3F933522383E5300C0E70F /* AppDelegate.swift */ = {isa = PBXFileReference; lastKnownFileType = sourcecode.swift; path = AppDelegate.swift; sourceTree = "<group>"; };
		1A3F933722383E5300C0E70F /* ViewController.swift */ = {isa = PBXFileReference; lastKnownFileType = sourcecode.swift; path = ViewController.swift; sourceTree = "<group>"; };
		1A3F933A22383E5300C0E70F /* Base */ = {isa = PBXFileReference; lastKnownFileType = file.storyboard; name = Base; path = Base.lproj/Main.storyboard; sourceTree = "<group>"; };
		1A3F933C22383E5500C0E70F /* Assets.xcassets */ = {isa = PBXFileReference; lastKnownFileType = folder.assetcatalog; path = Assets.xcassets; sourceTree = "<group>"; };
		1A3F933F22383E5500C0E70F /* Base */ = {isa = PBXFileReference; lastKnownFileType = file.storyboard; name = Base; path = Base.lproj/LaunchScreen.storyboard; sourceTree = "<group>"; };
		1A3F934122383E5500C0E70F /* Info.plist */ = {isa = PBXFileReference; lastKnownFileType = text.plist.xml; path = Info.plist; sourceTree = "<group>"; };
		1A59C7DC223AD8BF00F8E6B6 /* PeopleTableViewCell.swift */ = {isa = PBXFileReference; lastKnownFileType = sourcecode.swift; path = PeopleTableViewCell.swift; sourceTree = "<group>"; };
		1A59C7DE223AD9AA00F8E6B6 /* AvatarCollectionViewCell.swift */ = {isa = PBXFileReference; lastKnownFileType = sourcecode.swift; path = AvatarCollectionViewCell.swift; sourceTree = "<group>"; };
		1A59C7E0223AE53600F8E6B6 /* TextTableViewCell.swift */ = {isa = PBXFileReference; lastKnownFileType = sourcecode.swift; path = TextTableViewCell.swift; sourceTree = "<group>"; };
		1A5DAAF6223C3B7900592AC2 /* UserData.swift */ = {isa = PBXFileReference; lastKnownFileType = sourcecode.swift; path = UserData.swift; sourceTree = "<group>"; };
		1A64C3862238511F00F00ADE /* Token.swift */ = {isa = PBXFileReference; lastKnownFileType = sourcecode.swift; path = Token.swift; sourceTree = "<group>"; };
		1AE189B122399CED00ABB6EC /* PostStatsViewController.swift */ = {isa = PBXFileReference; lastKnownFileType = sourcecode.swift; path = PostStatsViewController.swift; sourceTree = "<group>"; };
		1AF2BD90223D0BDA006B300C /* PostData.swift */ = {isa = PBXFileReference; lastKnownFileType = sourcecode.swift; path = PostData.swift; sourceTree = "<group>"; };
		66A6EB1C4EC9FB952FD83503 /* Pods-postStatsTest.debug.xcconfig */ = {isa = PBXFileReference; includeInIndex = 1; lastKnownFileType = text.xcconfig; name = "Pods-postStatsTest.debug.xcconfig"; path = "Target Support Files/Pods-postStatsTest/Pods-postStatsTest.debug.xcconfig"; sourceTree = "<group>"; };
		8BB5FC1AC390ABD90EFCBB19 /* Pods-postStatsTest.release.xcconfig */ = {isa = PBXFileReference; includeInIndex = 1; lastKnownFileType = text.xcconfig; name = "Pods-postStatsTest.release.xcconfig"; path = "Target Support Files/Pods-postStatsTest/Pods-postStatsTest.release.xcconfig"; sourceTree = "<group>"; };
		BB81D136D564EFB1CC5735E3 /* Pods_postStatsTest.framework */ = {isa = PBXFileReference; explicitFileType = wrapper.framework; includeInIndex = 0; path = Pods_postStatsTest.framework; sourceTree = BUILT_PRODUCTS_DIR; };
/* End PBXFileReference section */

/* Begin PBXFrameworksBuildPhase section */
		1A3F932F22383E5300C0E70F /* Frameworks */ = {
			isa = PBXFrameworksBuildPhase;
			buildActionMask = 2147483647;
			files = (
				6A247E894F2D08C2A862CB32 /* Pods_postStatsTest.framework in Frameworks */,
			);
			runOnlyForDeploymentPostprocessing = 0;
		};
/* End PBXFrameworksBuildPhase section */

/* Begin PBXGroup section */
		1A3F932922383E5300C0E70F = {
			isa = PBXGroup;
			children = (
				1A3F933422383E5300C0E70F /* postStatsTest */,
				1A3F933322383E5300C0E70F /* Products */,
				C35102B33F9DD4A886364B76 /* Pods */,
				35AE070B346A8199746A5E7B /* Frameworks */,
			);
			sourceTree = "<group>";
		};
		1A3F933322383E5300C0E70F /* Products */ = {
			isa = PBXGroup;
			children = (
				1A3F933222383E5300C0E70F /* postStatsTest.app */,
			);
			name = Products;
			sourceTree = "<group>";
		};
		1A3F933422383E5300C0E70F /* postStatsTest */ = {
			isa = PBXGroup;
			children = (
				1A3F933522383E5300C0E70F /* AppDelegate.swift */,
				1A3F933922383E5300C0E70F /* Main.storyboard */,
				1AFF620E223F026C00DC0C07 /* ViewControllers */,
				1AFF620F223F029700DC0C07 /* Views */,
				1AFF6210223F02F300DC0C07 /* Models */,
				1A64C3862238511F00F00ADE /* Token.swift */,
				1A3F933C22383E5500C0E70F /* Assets.xcassets */,
				1A3F933E22383E5500C0E70F /* LaunchScreen.storyboard */,
				1A3F934122383E5500C0E70F /* Info.plist */,
			);
			path = postStatsTest;
			sourceTree = "<group>";
		};
		1AFF620E223F026C00DC0C07 /* ViewControllers */ = {
			isa = PBXGroup;
			children = (
				1A3F933722383E5300C0E70F /* ViewController.swift */,
				1AE189B122399CED00ABB6EC /* PostStatsViewController.swift */,
			);
			path = ViewControllers;
			sourceTree = "<group>";
		};
		1AFF620F223F029700DC0C07 /* Views */ = {
			isa = PBXGroup;
			children = (
				1A59C7DC223AD8BF00F8E6B6 /* PeopleTableViewCell.swift */,
				1A59C7DE223AD9AA00F8E6B6 /* AvatarCollectionViewCell.swift */,
				1A59C7E0223AE53600F8E6B6 /* TextTableViewCell.swift */,
			);
			path = Views;
			sourceTree = "<group>";
		};
		1AFF6210223F02F300DC0C07 /* Models */ = {
			isa = PBXGroup;
			children = (
				1A5DAAF6223C3B7900592AC2 /* UserData.swift */,
				1AF2BD90223D0BDA006B300C /* PostData.swift */,
			);
			path = Models;
			sourceTree = "<group>";
		};
		35AE070B346A8199746A5E7B /* Frameworks */ = {
			isa = PBXGroup;
			children = (
				BB81D136D564EFB1CC5735E3 /* Pods_postStatsTest.framework */,
			);
			name = Frameworks;
			sourceTree = "<group>";
		};
		C35102B33F9DD4A886364B76 /* Pods */ = {
			isa = PBXGroup;
			children = (
				66A6EB1C4EC9FB952FD83503 /* Pods-postStatsTest.debug.xcconfig */,
				8BB5FC1AC390ABD90EFCBB19 /* Pods-postStatsTest.release.xcconfig */,
			);
			path = Pods;
			sourceTree = "<group>";
		};
/* End PBXGroup section */

/* Begin PBXNativeTarget section */
		1A3F933122383E5300C0E70F /* postStatsTest */ = {
			isa = PBXNativeTarget;
			buildConfigurationList = 1A3F934422383E5500C0E70F /* Build configuration list for PBXNativeTarget "postStatsTest" */;
			buildPhases = (
				6429105A9B00500C58FE9681 /* [CP] Check Pods Manifest.lock */,
				1A3F932E22383E5300C0E70F /* Sources */,
				1A3F932F22383E5300C0E70F /* Frameworks */,
				1A3F933022383E5300C0E70F /* Resources */,
				86A082B2AA5B35B4316E40A8 /* [CP] Embed Pods Frameworks */,
			);
			buildRules = (
			);
			dependencies = (
			);
			name = postStatsTest;
			productName = postStatsTest;
			productReference = 1A3F933222383E5300C0E70F /* postStatsTest.app */;
			productType = "com.apple.product-type.application";
		};
/* End PBXNativeTarget section */

/* Begin PBXProject section */
		1A3F932A22383E5300C0E70F /* Project object */ = {
			isa = PBXProject;
			attributes = {
				LastSwiftUpdateCheck = 1010;
				LastUpgradeCheck = 1010;
				ORGANIZATIONNAME = "Vadym Sushko";
				TargetAttributes = {
					1A3F933122383E5300C0E70F = {
						CreatedOnToolsVersion = 10.1;
					};
				};
			};
			buildConfigurationList = 1A3F932D22383E5300C0E70F /* Build configuration list for PBXProject "postStatsTest" */;
			compatibilityVersion = "Xcode 9.3";
			developmentRegion = en;
			hasScannedForEncodings = 0;
			knownRegions = (
				en,
				Base,
			);
			mainGroup = 1A3F932922383E5300C0E70F;
			productRefGroup = 1A3F933322383E5300C0E70F /* Products */;
			projectDirPath = "";
			projectRoot = "";
			targets = (
				1A3F933122383E5300C0E70F /* postStatsTest */,
			);
		};
/* End PBXProject section */

/* Begin PBXResourcesBuildPhase section */
		1A3F933022383E5300C0E70F /* Resources */ = {
			isa = PBXResourcesBuildPhase;
			buildActionMask = 2147483647;
			files = (
				1A3F934022383E5500C0E70F /* LaunchScreen.storyboard in Resources */,
				1A3F933D22383E5500C0E70F /* Assets.xcassets in Resources */,
				1A3F933B22383E5300C0E70F /* Main.storyboard in Resources */,
			);
			runOnlyForDeploymentPostprocessing = 0;
		};
/* End PBXResourcesBuildPhase section */

/* Begin PBXShellScriptBuildPhase section */
		6429105A9B00500C58FE9681 /* [CP] Check Pods Manifest.lock */ = {
			isa = PBXShellScriptBuildPhase;
			buildActionMask = 2147483647;
			files = (
			);
			inputFileListPaths = (
			);
			inputPaths = (
				"${PODS_PODFILE_DIR_PATH}/Podfile.lock",
				"${PODS_ROOT}/Manifest.lock",
			);
			name = "[CP] Check Pods Manifest.lock";
			outputFileListPaths = (
			);
			outputPaths = (
				"$(DERIVED_FILE_DIR)/Pods-postStatsTest-checkManifestLockResult.txt",
			);
			runOnlyForDeploymentPostprocessing = 0;
			shellPath = /bin/sh;
			shellScript = "diff \"${PODS_PODFILE_DIR_PATH}/Podfile.lock\" \"${PODS_ROOT}/Manifest.lock\" > /dev/null\nif [ $? != 0 ] ; then\n    # print error to STDERR\n    echo \"error: The sandbox is not in sync with the Podfile.lock. Run 'pod install' or update your CocoaPods installation.\" >&2\n    exit 1\nfi\n# This output is used by Xcode 'outputs' to avoid re-running this script phase.\necho \"SUCCESS\" > \"${SCRIPT_OUTPUT_FILE_0}\"\n";
			showEnvVarsInLog = 0;
		};
		86A082B2AA5B35B4316E40A8 /* [CP] Embed Pods Frameworks */ = {
			isa = PBXShellScriptBuildPhase;
			buildActionMask = 2147483647;
			files = (
			);
			inputFileListPaths = (
			);
			inputPaths = (
				"${PODS_ROOT}/Target Support Files/Pods-postStatsTest/Pods-postStatsTest-frameworks.sh",
				"${BUILT_PRODUCTS_DIR}/SwiftyJSON/SwiftyJSON.framework",
			);
			name = "[CP] Embed Pods Frameworks";
			outputFileListPaths = (
			);
			outputPaths = (
				"${TARGET_BUILD_DIR}/${FRAMEWORKS_FOLDER_PATH}/SwiftyJSON.framework",
			);
			runOnlyForDeploymentPostprocessing = 0;
			shellPath = /bin/sh;
			shellScript = "\"${PODS_ROOT}/Target Support Files/Pods-postStatsTest/Pods-postStatsTest-frameworks.sh\"\n";
			showEnvVarsInLog = 0;
		};
/* End PBXShellScriptBuildPhase section */

/* Begin PBXSourcesBuildPhase section */
		1A3F932E22383E5300C0E70F /* Sources */ = {
			isa = PBXSourcesBuildPhase;
			buildActionMask = 2147483647;
			files = (
				1A59C7DD223AD8BF00F8E6B6 /* PeopleTableViewCell.swift in Sources */,
				1AF2BD91223D0BDA006B300C /* PostData.swift in Sources */,
				1A59C7E1223AE53600F8E6B6 /* TextTableViewCell.swift in Sources */,
				1A5DAAF7223C3B7900592AC2 /* UserData.swift in Sources */,
				1AE189B222399CED00ABB6EC /* PostStatsViewController.swift in Sources */,
				1A64C3872238511F00F00ADE /* Token.swift in Sources */,
				1A3F933822383E5300C0E70F /* ViewController.swift in Sources */,
				1A3F933622383E5300C0E70F /* AppDelegate.swift in Sources */,
				1A59C7DF223AD9AA00F8E6B6 /* AvatarCollectionViewCell.swift in Sources */,
			);
			runOnlyForDeploymentPostprocessing = 0;
		};
/* End PBXSourcesBuildPhase section */

/* Begin PBXVariantGroup section */
		1A3F933922383E5300C0E70F /* Main.storyboard */ = {
			isa = PBXVariantGroup;
			children = (
				1A3F933A22383E5300C0E70F /* Base */,
			);
			name = Main.storyboard;
			sourceTree = "<group>";
		};
		1A3F933E22383E5500C0E70F /* LaunchScreen.storyboard */ = {
			isa = PBXVariantGroup;
			children = (
				1A3F933F22383E5500C0E70F /* Base */,
			);
			name = LaunchScreen.storyboard;
			sourceTree = "<group>";
		};
/* End PBXVariantGroup section */

/* Begin XCBuildConfiguration section */
		1A3F934222383E5500C0E70F /* Debug */ = {
			isa = XCBuildConfiguration;
			buildSettings = {
				ALWAYS_SEARCH_USER_PATHS = NO;
				CLANG_ANALYZER_NONNULL = YES;
				CLANG_ANALYZER_NUMBER_OBJECT_CONVERSION = YES_AGGRESSIVE;
				CLANG_CXX_LANGUAGE_STANDARD = "gnu++14";
				CLANG_CXX_LIBRARY = "libc++";
				CLANG_ENABLE_MODULES = YES;
				CLANG_ENABLE_OBJC_ARC = YES;
				CLANG_ENABLE_OBJC_WEAK = YES;
				CLANG_WARN_BLOCK_CAPTURE_AUTORELEASING = YES;
				CLANG_WARN_BOOL_CONVERSION = YES;
				CLANG_WARN_COMMA = YES;
				CLANG_WARN_CONSTANT_CONVERSION = YES;
				CLANG_WARN_DEPRECATED_OBJC_IMPLEMENTATIONS = YES;
				CLANG_WARN_DIRECT_OBJC_ISA_USAGE = YES_ERROR;
				CLANG_WARN_DOCUMENTATION_COMMENTS = YES;
				CLANG_WARN_EMPTY_BODY = YES;
				CLANG_WARN_ENUM_CONVERSION = YES;
				CLANG_WARN_INFINITE_RECURSION = YES;
				CLANG_WARN_INT_CONVERSION = YES;
				CLANG_WARN_NON_LITERAL_NULL_CONVERSION = YES;
				CLANG_WARN_OBJC_IMPLICIT_RETAIN_SELF = YES;
				CLANG_WARN_OBJC_LITERAL_CONVERSION = YES;
				CLANG_WARN_OBJC_ROOT_CLASS = YES_ERROR;
				CLANG_WARN_RANGE_LOOP_ANALYSIS = YES;
				CLANG_WARN_STRICT_PROTOTYPES = YES;
				CLANG_WARN_SUSPICIOUS_MOVE = YES;
				CLANG_WARN_UNGUARDED_AVAILABILITY = YES_AGGRESSIVE;
				CLANG_WARN_UNREACHABLE_CODE = YES;
				CLANG_WARN__DUPLICATE_METHOD_MATCH = YES;
				CODE_SIGN_IDENTITY = "iPhone Developer";
				COPY_PHASE_STRIP = NO;
				DEBUG_INFORMATION_FORMAT = dwarf;
				ENABLE_STRICT_OBJC_MSGSEND = YES;
				ENABLE_TESTABILITY = YES;
				GCC_C_LANGUAGE_STANDARD = gnu11;
				GCC_DYNAMIC_NO_PIC = NO;
				GCC_NO_COMMON_BLOCKS = YES;
				GCC_OPTIMIZATION_LEVEL = 0;
				GCC_PREPROCESSOR_DEFINITIONS = (
					"DEBUG=1",
					"$(inherited)",
				);
				GCC_WARN_64_TO_32_BIT_CONVERSION = YES;
				GCC_WARN_ABOUT_RETURN_TYPE = YES_ERROR;
				GCC_WARN_UNDECLARED_SELECTOR = YES;
				GCC_WARN_UNINITIALIZED_AUTOS = YES_AGGRESSIVE;
				GCC_WARN_UNUSED_FUNCTION = YES;
				GCC_WARN_UNUSED_VARIABLE = YES;
				IPHONEOS_DEPLOYMENT_TARGET = 12.1;
				MTL_ENABLE_DEBUG_INFO = INCLUDE_SOURCE;
				MTL_FAST_MATH = YES;
				ONLY_ACTIVE_ARCH = YES;
				SDKROOT = iphoneos;
				SWIFT_ACTIVE_COMPILATION_CONDITIONS = DEBUG;
				SWIFT_OPTIMIZATION_LEVEL = "-Onone";
			};
			name = Debug;
		};
		1A3F934322383E5500C0E70F /* Release */ = {
			isa = XCBuildConfiguration;
			buildSettings = {
				ALWAYS_SEARCH_USER_PATHS = NO;
				CLANG_ANALYZER_NONNULL = YES;
				CLANG_ANALYZER_NUMBER_OBJECT_CONVERSION = YES_AGGRESSIVE;
				CLANG_CXX_LANGUAGE_STANDARD = "gnu++14";
				CLANG_CXX_LIBRARY = "libc++";
				CLANG_ENABLE_MODULES = YES;
				CLANG_ENABLE_OBJC_ARC = YES;
				CLANG_ENABLE_OBJC_WEAK = YES;
				CLANG_WARN_BLOCK_CAPTURE_AUTORELEASING = YES;
				CLANG_WARN_BOOL_CONVERSION = YES;
				CLANG_WARN_COMMA = YES;
				CLANG_WARN_CONSTANT_CONVERSION = YES;
				CLANG_WARN_DEPRECATED_OBJC_IMPLEMENTATIONS = YES;
				CLANG_WARN_DIRECT_OBJC_ISA_USAGE = YES_ERROR;
				CLANG_WARN_DOCUMENTATION_COMMENTS = YES;
				CLANG_WARN_EMPTY_BODY = YES;
				CLANG_WARN_ENUM_CONVERSION = YES;
				CLANG_WARN_INFINITE_RECURSION = YES;
				CLANG_WARN_INT_CONVERSION = YES;
				CLANG_WARN_NON_LITERAL_NULL_CONVERSION = YES;
				CLANG_WARN_OBJC_IMPLICIT_RETAIN_SELF = YES;
				CLANG_WARN_OBJC_LITERAL_CONVERSION = YES;
				CLANG_WARN_OBJC_ROOT_CLASS = YES_ERROR;
				CLANG_WARN_RANGE_LOOP_ANALYSIS = YES;
				CLANG_WARN_STRICT_PROTOTYPES = YES;
				CLANG_WARN_SUSPICIOUS_MOVE = YES;
				CLANG_WARN_UNGUARDED_AVAILABILITY = YES_AGGRESSIVE;
				CLANG_WARN_UNREACHABLE_CODE = YES;
				CLANG_WARN__DUPLICATE_METHOD_MATCH = YES;
				CODE_SIGN_IDENTITY = "iPhone Developer";
				COPY_PHASE_STRIP = NO;
				DEBUG_INFORMATION_FORMAT = "dwarf-with-dsym";
				ENABLE_NS_ASSERTIONS = NO;
				ENABLE_STRICT_OBJC_MSGSEND = YES;
				GCC_C_LANGUAGE_STANDARD = gnu11;
				GCC_NO_COMMON_BLOCKS = YES;
				GCC_WARN_64_TO_32_BIT_CONVERSION = YES;
				GCC_WARN_ABOUT_RETURN_TYPE = YES_ERROR;
				GCC_WARN_UNDECLARED_SELECTOR = YES;
				GCC_WARN_UNINITIALIZED_AUTOS = YES_AGGRESSIVE;
				GCC_WARN_UNUSED_FUNCTION = YES;
				GCC_WARN_UNUSED_VARIABLE = YES;
				IPHONEOS_DEPLOYMENT_TARGET = 12.1;
				MTL_ENABLE_DEBUG_INFO = NO;
				MTL_FAST_MATH = YES;
				SDKROOT = iphoneos;
				SWIFT_COMPILATION_MODE = wholemodule;
				SWIFT_OPTIMIZATION_LEVEL = "-O";
				VALIDATE_PRODUCT = YES;
			};
			name = Release;
		};
		1A3F934522383E5500C0E70F /* Debug */ = {
			isa = XCBuildConfiguration;
			baseConfigurationReference = 66A6EB1C4EC9FB952FD83503 /* Pods-postStatsTest.debug.xcconfig */;
			buildSettings = {
				ASSETCATALOG_COMPILER_APPICON_NAME = AppIcon;
				CODE_SIGN_STYLE = Automatic;
				DEVELOPMENT_TEAM = Z4L7GNM5XW;
				INFOPLIST_FILE = postStatsTest/Info.plist;
				LD_RUNPATH_SEARCH_PATHS = (
					"$(inherited)",
					"@executable_path/Frameworks",
				);
				PRODUCT_BUNDLE_IDENTIFIER = com.sushkocompany.postStatsTest;
				PRODUCT_NAME = "$(TARGET_NAME)";
				SWIFT_VERSION = 4.2;
				TARGETED_DEVICE_FAMILY = "1,2";
			};
			name = Debug;
		};
		1A3F934622383E5500C0E70F /* Release */ = {
			isa = XCBuildConfiguration;
			baseConfigurationReference = 8BB5FC1AC390ABD90EFCBB19 /* Pods-postStatsTest.release.xcconfig */;
			buildSettings = {
				ASSETCATALOG_COMPILER_APPICON_NAME = AppIcon;
				CODE_SIGN_STYLE = Automatic;
				DEVELOPMENT_TEAM = Z4L7GNM5XW;
				INFOPLIST_FILE = postStatsTest/Info.plist;
				LD_RUNPATH_SEARCH_PATHS = (
					"$(inherited)",
					"@executable_path/Frameworks",
				);
				PRODUCT_BUNDLE_IDENTIFIER = com.sushkocompany.postStatsTest;
				PRODUCT_NAME = "$(TARGET_NAME)";
				SWIFT_VERSION = 4.2;
				TARGETED_DEVICE_FAMILY = "1,2";
			};
			name = Release;
		};
/* End XCBuildConfiguration section */

/* Begin XCConfigurationList section */
		1A3F932D22383E5300C0E70F /* Build configuration list for PBXProject "postStatsTest" */ = {
			isa = XCConfigurationList;
			buildConfigurations = (
				1A3F934222383E5500C0E70F /* Debug */,
				1A3F934322383E5500C0E70F /* Release */,
			);
			defaultConfigurationIsVisible = 0;
			defaultConfigurationName = Release;
		};
		1A3F934422383E5500C0E70F /* Build configuration list for PBXNativeTarget "postStatsTest" */ = {
			isa = XCConfigurationList;
			buildConfigurations = (
				1A3F934522383E5500C0E70F /* Debug */,
				1A3F934622383E5500C0E70F /* Release */,
			);
			defaultConfigurationIsVisible = 0;
			defaultConfigurationName = Release;
		};
/* End XCConfigurationList section */
	};
	rootObject = 1A3F932A22383E5300C0E70F /* Project object */;
}
